{
  "name": "chordstuff",
  "version": "1.0.0",
  "lockfileVersion": 1,
  "requires": true,
  "dependencies": {
    "@tonaljs/array": {
      "version": "3.2.3",
      "resolved": "https://registry.npmjs.org/@tonaljs/array/-/array-3.2.3.tgz",
      "integrity": "sha512-JREVyC9N+pnJZIY/vTRQbPoTXbHmOCPiMTtG4FDVXt29D1wzTA1l3/NzadOkioVyn2hS21oGZz/wviknHBjH4g==",
      "requires": {
        "@tonaljs/tonal": "^3.2.2"
      }
    },
    "@tonaljs/chord": {
      "version": "3.3.0",
      "resolved": "https://registry.npmjs.org/@tonaljs/chord/-/chord-3.3.0.tgz",
      "integrity": "sha512-2NYcirmRxIfPwTEB2W4rel6py7VjWIE6J9k50+Oud0SegLJTl6K9lvpeMJQaa4M9kw4p6pjL0SUj1PMeZd7WfA==",
      "requires": {
        "@tonaljs/array": "^3.2.3",
        "@tonaljs/chord-dictionary": "^3.3.0",
        "@tonaljs/pcset": "^3.2.3",
        "@tonaljs/scale-dictionary": "^3.4.0",
        "@tonaljs/tonal": "^3.2.2"
      }
    },
    "@tonaljs/chord-dictionary": {
      "version": "3.3.0",
      "resolved": "https://registry.npmjs.org/@tonaljs/chord-dictionary/-/chord-dictionary-3.3.0.tgz",
      "integrity": "sha512-gV1Ry2fHRd458PnOnYzuxhzdw61lHFMKWsvIo9zjgRNMnSyWR5yw8liTYg+rI2wgWoHBnzstfnbzPQhTrtemCg==",
      "requires": {
        "@tonaljs/interval": "^3.2.3",
        "@tonaljs/pcset": "^3.2.3"
      }
    },
    "@tonaljs/interval": {
      "version": "3.2.3",
      "resolved": "https://registry.npmjs.org/@tonaljs/interval/-/interval-3.2.3.tgz",
      "integrity": "sha512-1b/3EWU1vnsLAt+GinozkhsnvwwEJJljkUJdCUZKLEHQ3J7RKGrGjlcz4YzMSXdxoc1Nar/Ipz2pyjkMkm3plA==",
      "requires": {
        "@tonaljs/tonal": "^3.2.2"
      }
    },
    "@tonaljs/pcset": {
      "version": "3.2.3",
      "resolved": "https://registry.npmjs.org/@tonaljs/pcset/-/pcset-3.2.3.tgz",
      "integrity": "sha512-4ggDGelRwlcyTNP17EsCiN7NWnekI5YMFUgZuypjQeLKfE5jlmA8mfOv5/uEfic6aq2MLpInOO4w9rlbMqO+Jw==",
      "requires": {
        "@tonaljs/array": "^3.2.3",
        "@tonaljs/tonal": "^3.2.2"
      }
    },
    "@tonaljs/scale-dictionary": {
      "version": "3.4.0",
      "resolved": "https://registry.npmjs.org/@tonaljs/scale-dictionary/-/scale-dictionary-3.4.0.tgz",
      "integrity": "sha512-H8InmEUpWXqFqAVyEPNmraj7JPIyzspvM01Dnnz1wUITOxRNypb7oJLKJNFKlN344jSEDS4VLgcdYLZTMcfEZw==",
      "requires": {
        "@tonaljs/interval": "^3.2.3",
        "@tonaljs/pcset": "^3.2.3"
      }
    },
    "@tonaljs/tonal": {
      "version": "3.2.2",
      "resolved": "https://registry.npmjs.org/@tonaljs/tonal/-/tonal-3.2.2.tgz",
      "integrity": "sha512-j03zV3gScWyN9uMFlNSB/oQSXYLYrzH2vgkLBo311+dW2t3ChXIqftTI99Z17eEiv2SphU15iQRIoX7xVum4WQ=="
    },
    "howler": {
      "version": "2.1.3",
      "resolved": "https://registry.npmjs.org/howler/-/howler-2.1.3.tgz",
      "integrity": "sha512-PSGbOi1EYgw80C5UQbxtJM7TmzD+giJunIMBYyH3RVzHZx2fZLYBoes0SpVVHi/SFa1GoNtgXj/j6I7NOKYBxQ=="
    }
  }
}
